<?xml version="1.0" encoding="utf-8"?>
<Project ToolsVersion="4.0" xmlns="http://schemas.microsoft.com/developer/msbuild/2003">
  <ItemGroup>
    <Filter Include="Source Files">
      <UniqueIdentifier>{4eb6e2bc-40e4-4dc3-8775-f397bd7b05f4}</UniqueIdentifier>
    </Filter>
    <Filter Include="Header Files">
      <UniqueIdentifier>{ea03451c-a62d-4d65-afdd-06ae7730c682}</UniqueIdentifier>
    </Filter>
    <Filter Include="Grammar Files">
      <UniqueIdentifier>{5591a56a-c0ec-491a-857d-06c9eb472901}</UniqueIdentifier>
    </Filter>
  </ItemGroup>
  <ItemGroup>
    <Flex Include="src\calc.l">
      <Filter>Grammar Files</Filter>
    </Flex>
  </ItemGroup>
  <ItemGroup>
    <Bison Include="src\calc.y">
      <Filter>Grammar Files</Filter>
    </Bison>
  </ItemGroup>
  <ItemGroup>
    <Text Include="src\tmp.txt">
      <Filter>Grammar Files</Filter>
    </Text>
  </ItemGroup>
  <ItemGroup>
    <None Include="src\calc.output">
      <Filter>Grammar Files</Filter>
    </None>
  </ItemGroup>
  <ItemGroup>
    <ClCompile Include="src\calc.flex.cpp">
      <Filter>Source Files</Filter>
    </ClCompile>
    <ClCompile Include="src\calc.tab.cpp">
      <Filter>Source Files</Filter>
    </ClCompile>
  </ItemGroup>
  <ItemGroup>
    <ClInclude Include="src\calc.tab.hpp">
      <Filter>Header Files</Filter>
    </ClInclude>
  </ItemGroup>
</Project>