<?xml version="1.0" encoding="utf-8"?>
<Project ToolsVersion="4.0" xmlns="http://schemas.microsoft.com/developer/msbuild/2003">
  <ItemGroup>
    <Filter Include="Source Files">
      <UniqueIdentifier>{4eb6e2bc-40e4-4dc3-8775-f397bd7b05f4}</UniqueIdentifier>
    </Filter>
    <Filter Include="Grammar Files">
      <UniqueIdentifier>{5591a56a-c0ec-491a-857d-06c9eb472901}</UniqueIdentifier>
    </Filter>
    <Filter Include="Generated Files">
      <UniqueIdentifier>{9790fe71-2cc2-432b-82ab-c58c5b5c3ad2}</UniqueIdentifier>
    </Filter>
    <Filter Include="Generated Files\hpp">
      <UniqueIdentifier>{c027831e-79c3-4a75-916b-697f75d97572}</UniqueIdentifier>
    </Filter>
    <Filter Include="Generated Files\cpp">
      <UniqueIdentifier>{4091608d-aa3f-4104-999b-85cc93eb1692}</UniqueIdentifier>
    </Filter>
    <Filter Include="Supporting Files">
      <UniqueIdentifier>{fcae9dfb-6594-4c3d-9d9f-04b4f4a23259}</UniqueIdentifier>
    </Filter>
  </ItemGroup>
  <ItemGroup>
    <ClInclude Include="src\parser.tab.hpp">
      <Filter>Generated Files\hpp</Filter>
    </ClInclude>
    <ClInclude Include="src\lexer.flex.hpp">
      <Filter>Generated Files\hpp</Filter>
    </ClInclude>
  </ItemGroup>
  <ItemGroup>
    <ClCompile Include="src\lexer.flex.cpp">
      <Filter>Generated Files\cpp</Filter>
    </ClCompile>
    <ClCompile Include="src\parser.tab.cpp">
      <Filter>Generated Files\cpp</Filter>
    </ClCompile>
  </ItemGroup>
  <ItemGroup>
    <Flex Include="src\lexer.l">
      <Filter>Grammar Files</Filter>
    </Flex>
  </ItemGroup>
  <ItemGroup>
    <Bison Include="src\parser.y">
      <Filter>Grammar Files</Filter>
    </Bison>
  </ItemGroup>
  <ItemGroup>
    <Text Include="docs\documentation.txt">
      <Filter>Supporting Files</Filter>
    </Text>
    <Text Include="docs\todo.txt">
      <Filter>Supporting Files</Filter>
    </Text>
  </ItemGroup>
  <ItemGroup>
    <None Include="test.asm">
      <Filter>Source Files</Filter>
    </None>
  </ItemGroup>
</Project>