<?xml version="1.0" encoding="utf-8"?>
<Project ToolsVersion="4.0" xmlns="http://schemas.microsoft.com/developer/msbuild/2003">
  <ItemGroup>
    <Filter Include="Source Files">
      <UniqueIdentifier>{4FC737F1-C7A5-4376-A066-2A32D752A2FF}</UniqueIdentifier>
      <Extensions>cpp;c;cc;cxx;c++;cppm;ixx;def;odl;idl;hpj;bat;asm;asmx</Extensions>
    </Filter>
    <Filter Include="Header Files">
      <UniqueIdentifier>{93995380-89BD-4b04-88EB-625FBE52EBFB}</UniqueIdentifier>
      <Extensions>h;hh;hpp;hxx;h++;hm;inl;inc;ipp;xsd</Extensions>
    </Filter>
    <Filter Include="Resource Files">
      <UniqueIdentifier>{67DA6AB6-F800-4c08-8B7A-83BB121AAD01}</UniqueIdentifier>
      <Extensions>rc;ico;cur;bmp;dlg;rc2;rct;bin;rgs;gif;jpg;jpeg;jpe;resx;tiff;tif;png;wav;mfcribbon-ms</Extensions>
    </Filter>
    <Filter Include="Header Files\cpp">
      <UniqueIdentifier>{68b80a2d-f10a-4174-8485-cafe6aa3dc95}</UniqueIdentifier>
    </Filter>
    <Filter Include="Header Files\hpp">
      <UniqueIdentifier>{1186466c-2a0a-415f-8c21-48c0c0586f57}</UniqueIdentifier>
    </Filter>
    <Filter Include="Application Files">
      <UniqueIdentifier>{79fb9779-ddba-4c06-974d-2d8a86ea2921}</UniqueIdentifier>
    </Filter>
    <Filter Include="Application Files\hpp">
      <UniqueIdentifier>{b2b59887-691e-4ab3-aa53-992a04767f76}</UniqueIdentifier>
    </Filter>
    <Filter Include="Application Files\cpp">
      <UniqueIdentifier>{28f691aa-b694-461c-ad31-b15c08699d30}</UniqueIdentifier>
    </Filter>
    <Filter Include="Application Files\res">
      <UniqueIdentifier>{341dec3d-4fdb-424d-bc37-c7d7d0d75c5b}</UniqueIdentifier>
    </Filter>
  </ItemGroup>
  <ItemGroup>
    <Text Include="docs\documentation.txt">
      <Filter>Resource Files</Filter>
    </Text>
  </ItemGroup>
  <ItemGroup>
    <ClCompile Include="src\main.cpp">
      <Filter>Source Files</Filter>
    </ClCompile>
    <ClCompile Include="src\processor.cpp">
      <Filter>Header Files\cpp</Filter>
    </ClCompile>
    <ClCompile Include="src\filerator.cpp">
      <Filter>Header Files\cpp</Filter>
    </ClCompile>
    <ClCompile Include="src\assert.cpp">
      <Filter>Header Files\cpp</Filter>
    </ClCompile>
    <ClCompile Include="src\emulator.cpp">
      <Filter>Header Files\cpp</Filter>
    </ClCompile>
  </ItemGroup>
  <ItemGroup>
    <ClInclude Include="src\assert.hpp">
      <Filter>Header Files\hpp</Filter>
    </ClInclude>
    <ClInclude Include="src\processor.hpp">
      <Filter>Header Files\hpp</Filter>
    </ClInclude>
    <ClInclude Include="src\filerator.hpp">
      <Filter>Header Files\hpp</Filter>
    </ClInclude>
    <ClInclude Include="src\instructions.hpp">
      <Filter>Header Files\hpp</Filter>
    </ClInclude>
    <ClInclude Include="src\literals.hpp">
      <Filter>Header Files\hpp</Filter>
    </ClInclude>
    <ClInclude Include="src\emulator.hpp">
      <Filter>Header Files\hpp</Filter>
    </ClInclude>
  </ItemGroup>
</Project>